
Microsoft Visual Studio Solution File, Format Version 12.00
# Visual Studio Version 16
VisualStudioVersion = 16.0.809.4
MinimumVisualStudioVersion = 10.0.40219.1
Project("{FAE04EC0-301F-11D3-BF4B-00C04F79EFBC}") = "mydaemon", "mydaemon.csproj", "{64576BB1-4883-43A1-AB8E-D1EE504AC029}"
EndProject
Global
	GlobalSection(SolutionConfigurationPlatforms) = preSolution
		Debug|Any CPU = Debug|Any CPU
		Release|Any CPU = Release|Any CPU
	EndGlobalSection
	GlobalSection(ProjectConfigurationPlatforms) = postSolution
		{64576BB1-4883-43A1-AB8E-D1EE504AC029}.Debug|Any CPU.ActiveCfg = Debug|Any CPU
		{64576BB1-4883-43A1-AB8E-D1EE504AC029}.Debug|Any CPU.Build.0 = Debug|Any CPU
		{64576BB1-4883-43A1-AB8E-D1EE504AC029}.Release|Any CPU.ActiveCfg = Release|Any CPU
		{64576BB1-4883-43A1-AB8E-D1EE504AC029}.Release|Any CPU.Build.0 = Release|Any CPU
	EndGlobalSection
	GlobalSection(SolutionProperties) = preSolution
		HideSolutionNode = FALSE
	EndGlobalSection
	GlobalSection(ExtensibilityGlobals) = postSolution
		SolutionGuid = {AA790F81-11F5-4F71-ABF8-E19CF7A2B21E}
	EndGlobalSection
EndGlobal
