
Microsoft Visual Studio Solution File, Format Version 12.00
# Visual Studio Version 16
VisualStudioVersion = 16.0.809.4
MinimumVisualStudioVersion = 10.0.40219.1
Project("{FAE04EC0-301F-11D3-BF4B-00C04F79EFBC}") = "Daemon", "Daemon\Daemon.csproj", "{3CF486C9-C7DA-4428-BC94-1B936B6CA8E1}"
EndProject
Global
	GlobalSection(SolutionConfigurationPlatforms) = preSolution
		Debug|Any CPU = Debug|Any CPU
		Release|Any CPU = Release|Any CPU
	EndGlobalSection
	GlobalSection(ProjectConfigurationPlatforms) = postSolution
		{3CF486C9-C7DA-4428-BC94-1B936B6CA8E1}.Debug|Any CPU.ActiveCfg = Debug|Any CPU
		{3CF486C9-C7DA-4428-BC94-1B936B6CA8E1}.Debug|Any CPU.Build.0 = Debug|Any CPU
		{3CF486C9-C7DA-4428-BC94-1B936B6CA8E1}.Release|Any CPU.ActiveCfg = Release|Any CPU
		{3CF486C9-C7DA-4428-BC94-1B936B6CA8E1}.Release|Any CPU.Build.0 = Release|Any CPU
	EndGlobalSection
	GlobalSection(SolutionProperties) = preSolution
		HideSolutionNode = FALSE
	EndGlobalSection
	GlobalSection(ExtensibilityGlobals) = postSolution
		SolutionGuid = {EC811196-960F-43B4-9678-D654A11513E7}
	EndGlobalSection
EndGlobal
