
Microsoft Visual Studio Solution File, Format Version 12.00
# Visual Studio Version 16
VisualStudioVersion = 16.0.809.4
MinimumVisualStudioVersion = 10.0.40219.1
Project("{FAE04EC0-301F-11D3-BF4B-00C04F79EFBC}") = "API", "API\API.csproj", "{B55173F0-0DA8-40FB-A2AD-E65548951888}"
EndProject
Global
	GlobalSection(SolutionConfigurationPlatforms) = preSolution
		Debug|Any CPU = Debug|Any CPU
		Release|Any CPU = Release|Any CPU
	EndGlobalSection
	GlobalSection(ProjectConfigurationPlatforms) = postSolution
		{B55173F0-0DA8-40FB-A2AD-E65548951888}.Debug|Any CPU.ActiveCfg = Debug|Any CPU
		{B55173F0-0DA8-40FB-A2AD-E65548951888}.Debug|Any CPU.Build.0 = Debug|Any CPU
		{B55173F0-0DA8-40FB-A2AD-E65548951888}.Release|Any CPU.ActiveCfg = Release|Any CPU
		{B55173F0-0DA8-40FB-A2AD-E65548951888}.Release|Any CPU.Build.0 = Release|Any CPU
	EndGlobalSection
	GlobalSection(SolutionProperties) = preSolution
		HideSolutionNode = FALSE
	EndGlobalSection
	GlobalSection(ExtensibilityGlobals) = postSolution
		SolutionGuid = {3EA2D232-C2FB-4376-8D09-E24A03A35BCC}
	EndGlobalSection
EndGlobal
